// !$*UTF8*$!
{
	archiveVersion = 1;
	classes = {
	};
	objectVersion = 46;
	objects = {

/* Begin PBXBuildFile section */
		4DFF80511ECBA97E00667209 /* AppDelegate.swift in Sources */ = {isa = PBXBuildFile; fileRef = 4DFF80501ECBA97E00667209 /* AppDelegate.swift */; };
		4DFF80531ECBA97E00667209 /* ViewController.swift in Sources */ = {isa = PBXBuildFile; fileRef = 4DFF80521ECBA97E00667209 /* ViewController.swift */; };
		4DFF80561ECBA97E00667209 /* Main.storyboard in Resources */ = {isa = PBXBuildFile; fileRef = 4DFF80541ECBA97E00667209 /* Main.storyboard */; };
		4DFF80581ECBA97E00667209 /* Assets.xcassets in Resources */ = {isa = PBXBuildFile; fileRef = 4DFF80571ECBA97E00667209 /* Assets.xcassets */; };
		4DFF805B1ECBA97E00667209 /* LaunchScreen.storyboard in Resources */ = {isa = PBXBuildFile; fileRef = 4DFF80591ECBA97E00667209 /* LaunchScreen.storyboard */; };
		4DFF80661ECBA97E00667209 /* ExampleSwiftTests.swift in Sources */ = {isa = PBXBuildFile; fileRef = 4DFF80651ECBA97E00667209 /* ExampleSwiftTests.swift */; };
		4DFF80711ECBA97E00667209 /* ExampleSwiftUITests.swift in Sources */ = {isa = PBXBuildFile; fileRef = 4DFF80701ECBA97E00667209 /* ExampleSwiftUITests.swift */; };
/* End PBXBuildFile section */

/* Begin PBXContainerItemProxy section */
		4DFF80621ECBA97E00667209 /* PBXContainerItemProxy */ = {
			isa = PBXContainerItemProxy;
			containerPortal = 4DFF80451ECBA97E00667209 /* Project object */;
			proxyType = 1;
			remoteGlobalIDString = 4DFF804C1ECBA97E00667209;
			remoteInfo = ExampleSwift;
		};
		4DFF806D1ECBA97E00667209 /* PBXContainerItemProxy */ = {
			isa = PBXContainerItemProxy;
			containerPortal = 4DFF80451ECBA97E00667209 /* Project object */;
			proxyType = 1;
			remoteGlobalIDString = 4DFF804C1ECBA97E00667209;
			remoteInfo = ExampleSwift;
		};
/* End PBXContainerItemProxy section */

/* Begin PBXFileReference section */
		4DFF804D1ECBA97E00667209 /* ExampleSwift.app */ = {isa = PBXFileReference; explicitFileType = wrapper.application; includeInIndex = 0; path = ExampleSwift.app; sourceTree = BUILT_PRODUCTS_DIR; };
		4DFF80501ECBA97E00667209 /* AppDelegate.swift */ = {isa = PBXFileReference; lastKnownFileType = sourcecode.swift; path = AppDelegate.swift; sourceTree = "<group>"; };
		4DFF80521ECBA97E00667209 /* ViewController.swift */ = {isa = PBXFileReference; lastKnownFileType = sourcecode.swift; path = ViewController.swift; sourceTree = "<group>"; };
		4DFF80551ECBA97E00667209 /* Base */ = {isa = PBXFileReference; lastKnownFileType = file.storyboard; name = Base; path = Base.lproj/Main.storyboard; sourceTree = "<group>"; };
		4DFF80571ECBA97E00667209 /* Assets.xcassets */ = {isa = PBXFileReference; lastKnownFileType = folder.assetcatalog; path = Assets.xcassets; sourceTree = "<group>"; };
		4DFF805A1ECBA97E00667209 /* Base */ = {isa = PBXFileReference; lastKnownFileType = file.storyboard; name = Base; path = Base.lproj/LaunchScreen.storyboard; sourceTree = "<group>"; };
		4DFF805C1ECBA97E00667209 /* Info.plist */ = {isa = PBXFileReference; lastKnownFileType = text.plist.xml; path = Info.plist; sourceTree = "<group>"; };
		4DFF80611ECBA97E00667209 /* ExampleSwiftTests.xctest */ = {isa = PBXFileReference; explicitFileType = wrapper.cfbundle; includeInIndex = 0; path = ExampleSwiftTests.xctest; sourceTree = BUILT_PRODUCTS_DIR; };
		4DFF80651ECBA97E00667209 /* ExampleSwiftTests.swift */ = {isa = PBXFileReference; lastKnownFileType = sourcecode.swift; path = ExampleSwiftTests.swift; sourceTree = "<group>"; };
		4DFF80671ECBA97E00667209 /* Info.plist */ = {isa = PBXFileReference; lastKnownFileType = text.plist.xml; path = Info.plist; sourceTree = "<group>"; };
		4DFF806C1ECBA97E00667209 /* ExampleSwiftUITests.xctest */ = {isa = PBXFileReference; explicitFileType = wrapper.cfbundle; includeInIndex = 0; path = ExampleSwiftUITests.xctest; sourceTree = BUILT_PRODUCTS_DIR; };
		4DFF80701ECBA97E00667209 /* ExampleSwiftUITests.swift */ = {isa = PBXFileReference; lastKnownFileType = sourcecode.swift; path = ExampleSwiftUITests.swift; sourceTree = "<group>"; };
		4DFF80721ECBA97E00667209 /* Info.plist */ = {isa = PBXFileReference; lastKnownFileType = text.plist.xml; path = Info.plist; sourceTree = "<group>"; };
/* End PBXFileReference section */

/* Begin PBXFrameworksBuildPhase section */
		4DFF804A1ECBA97E00667209 /* Frameworks */ = {
			isa = PBXFrameworksBuildPhase;
			buildActionMask = 2147483647;
			files = (
			);
			runOnlyForDeploymentPostprocessing = 0;
		};
		4DFF805E1ECBA97E00667209 /* Frameworks */ = {
			isa = PBXFrameworksBuildPhase;
			buildActionMask = 2147483647;
			files = (
			);
			runOnlyForDeploymentPostprocessing = 0;
		};
		4DFF80691ECBA97E00667209 /* Frameworks */ = {
			isa = PBXFrameworksBuildPhase;
			buildActionMask = 2147483647;
			files = (
			);
			runOnlyForDeploymentPostprocessing = 0;
		};
/* End PBXFrameworksBuildPhase section */

/* Begin PBXGroup section */
		4DFF80441ECBA97E00667209 = {
			isa = PBXGroup;
			children = (
				4DFF804F1ECBA97E00667209 /* ExampleSwift */,
				4DFF80641ECBA97E00667209 /* ExampleSwiftTests */,
				4DFF806F1ECBA97E00667209 /* ExampleSwiftUITests */,
				4DFF804E1ECBA97E00667209 /* Products */,
			);
			sourceTree = "<group>";
		};
		4DFF804E1ECBA97E00667209 /* Products */ = {
			isa = PBXGroup;
			children = (
				4DFF804D1ECBA97E00667209 /* ExampleSwift.app */,
				4DFF80611ECBA97E00667209 /* ExampleSwiftTests.xctest */,
				4DFF806C1ECBA97E00667209 /* ExampleSwiftUITests.xctest */,
			);
			name = Products;
			sourceTree = "<group>";
		};
		4DFF804F1ECBA97E00667209 /* ExampleSwift */ = {
			isa = PBXGroup;
			children = (
				4DFF80501ECBA97E00667209 /* AppDelegate.swift */,
				4DFF80521ECBA97E00667209 /* ViewController.swift */,
				4DFF80541ECBA97E00667209 /* Main.storyboard */,
				4DFF80571ECBA97E00667209 /* Assets.xcassets */,
				4DFF80591ECBA97E00667209 /* LaunchScreen.storyboard */,
				4DFF805C1ECBA97E00667209 /* Info.plist */,
			);
			path = ExampleSwift;
			sourceTree = "<group>";
		};
		4DFF80641ECBA97E00667209 /* ExampleSwiftTests */ = {
			isa = PBXGroup;
			children = (
				4DFF80651ECBA97E00667209 /* ExampleSwiftTests.swift */,
				4DFF80671ECBA97E00667209 /* Info.plist */,
			);
			path = ExampleSwiftTests;
			sourceTree = "<group>";
		};
		4DFF806F1ECBA97E00667209 /* ExampleSwiftUITests */ = {
			isa = PBXGroup;
			children = (
				4DFF80701ECBA97E00667209 /* ExampleSwiftUITests.swift */,
				4DFF80721ECBA97E00667209 /* Info.plist */,
			);
			path = ExampleSwiftUITests;
			sourceTree = "<group>";
		};
/* End PBXGroup section */

/* Begin PBXNativeTarget section */
		4DFF804C1ECBA97E00667209 /* ExampleSwift */ = {
			isa = PBXNativeTarget;
			buildConfigurationList = 4DFF80751ECBA97E00667209 /* Build configuration list for PBXNativeTarget "ExampleSwift" */;
			buildPhases = (
				4DFF80491ECBA97E00667209 /* Sources */,
				4DFF804A1ECBA97E00667209 /* Frameworks */,
				4DFF804B1ECBA97E00667209 /* Resources */,
			);
			buildRules = (
			);
			dependencies = (
			);
			name = ExampleSwift;
			productName = ExampleSwift;
			productReference = 4DFF804D1ECBA97E00667209 /* ExampleSwift.app */;
			productType = "com.apple.product-type.application";
		};
		4DFF80601ECBA97E00667209 /* ExampleSwiftTests */ = {
			isa = PBXNativeTarget;
			buildConfigurationList = 4DFF80781ECBA97E00667209 /* Build configuration list for PBXNativeTarget "ExampleSwiftTests" */;
			buildPhases = (
				4DFF805D1ECBA97E00667209 /* Sources */,
				4DFF805E1ECBA97E00667209 /* Frameworks */,
				4DFF805F1ECBA97E00667209 /* Resources */,
			);
			buildRules = (
			);
			dependencies = (
				4DFF80631ECBA97E00667209 /* PBXTargetDependency */,
			);
			name = ExampleSwiftTests;
			productName = ExampleSwiftTests;
			productReference = 4DFF80611ECBA97E00667209 /* ExampleSwiftTests.xctest */;
			productType = "com.apple.product-type.bundle.unit-test";
		};
		4DFF806B1ECBA97E00667209 /* ExampleSwiftUITests */ = {
			isa = PBXNativeTarget;
			buildConfigurationList = 4DFF807B1ECBA97E00667209 /* Build configuration list for PBXNativeTarget "ExampleSwiftUITests" */;
			buildPhases = (
				4DFF80681ECBA97E00667209 /* Sources */,
				4DFF80691ECBA97E00667209 /* Frameworks */,
				4DFF806A1ECBA97E00667209 /* Resources */,
			);
			buildRules = (
			);
			dependencies = (
				4DFF806E1ECBA97E00667209 /* PBXTargetDependency */,
			);
			name = ExampleSwiftUITests;
			productName = ExampleSwiftUITests;
			productReference = 4DFF806C1ECBA97E00667209 /* ExampleSwiftUITests.xctest */;
			productType = "com.apple.product-type.bundle.ui-testing";
		};
/* End PBXNativeTarget section */

/* Begin PBXProject section */
		4DFF80451ECBA97E00667209 /* Project object */ = {
			isa = PBXProject;
			attributes = {
				LastSwiftUpdateCheck = 0830;
				LastUpgradeCheck = 0830;
				ORGANIZATIONNAME = "Marked Systems";
				TargetAttributes = {
					4DFF804C1ECBA97E00667209 = {
						CreatedOnToolsVersion = 8.3.2;
						DevelopmentTeam = 6Z2XT36CY3;
						ProvisioningStyle = Automatic;
					};
					4DFF80601ECBA97E00667209 = {
						CreatedOnToolsVersion = 8.3.2;
						DevelopmentTeam = 6Z2XT36CY3;
						ProvisioningStyle = Automatic;
						TestTargetID = 4DFF804C1ECBA97E00667209;
					};
					4DFF806B1ECBA97E00667209 = {
						CreatedOnToolsVersion = 8.3.2;
						DevelopmentTeam = 6Z2XT36CY3;
						ProvisioningStyle = Automatic;
						TestTargetID = 4DFF804C1ECBA97E00667209;
					};
				};
			};
			buildConfigurationList = 4DFF80481ECBA97E00667209 /* Build configuration list for PBXProject "ExampleSwift" */;
			compatibilityVersion = "Xcode 3.2";
			developmentRegion = English;
			hasScannedForEncodings = 0;
			knownRegions = (
				en,
				Base,
			);
			mainGroup = 4DFF80441ECBA97E00667209;
			productRefGroup = 4DFF804E1ECBA97E00667209 /* Products */;
			projectDirPath = "";
			projectRoot = "";
			targets = (
				4DFF804C1ECBA97E00667209 /* ExampleSwift */,
				4DFF80601ECBA97E00667209 /* ExampleSwiftTests */,
				4DFF806B1ECBA97E00667209 /* ExampleSwiftUITests */,
			);
		};
/* End PBXProject section */

/* Begin PBXResourcesBuildPhase section */
		4DFF804B1ECBA97E00667209 /* Resources */ = {
			isa = PBXResourcesBuildPhase;
			buildActionMask = 2147483647;
			files = (
				4DFF805B1ECBA97E00667209 /* LaunchScreen.storyboard in Resources */,
				4DFF80581ECBA97E00667209 /* Assets.xcassets in Resources */,
				4DFF80561ECBA97E00667209 /* Main.storyboard in Resources */,
			);
			runOnlyForDeploymentPostprocessing = 0;
		};
		4DFF805F1ECBA97E00667209 /* Resources */ = {
			isa = PBXResourcesBuildPhase;
			buildActionMask = 2147483647;
			files = (
			);
			runOnlyForDeploymentPostprocessing = 0;
		};
		4DFF806A1ECBA97E00667209 /* Resources */ = {
			isa = PBXResourcesBuildPhase;
			buildActionMask = 2147483647;
			files = (
			);
			runOnlyForDeploymentPostprocessing = 0;
		};
/* End PBXResourcesBuildPhase section */

/* Begin PBXSourcesBuildPhase section */
		4DFF80491ECBA97E00667209 /* Sources */ = {
			isa = PBXSourcesBuildPhase;
			buildActionMask = 2147483647;
			files = (
				4DFF80531ECBA97E00667209 /* ViewController.swift in Sources */,
				4DFF80511ECBA97E00667209 /* AppDelegate.swift in Sources */,
			);
			runOnlyForDeploymentPostprocessing = 0;
		};
		4DFF805D1ECBA97E00667209 /* Sources */ = {
			isa = PBXSourcesBuildPhase;
			buildActionMask = 2147483647;
			files = (
				4DFF80661ECBA97E00667209 /* ExampleSwiftTests.swift in Sources */,
			);
			runOnlyForDeploymentPostprocessing = 0;
		};
		4DFF80681ECBA97E00667209 /* Sources */ = {
			isa = PBXSourcesBuildPhase;
			buildActionMask = 2147483647;
			files = (
				4DFF80711ECBA97E00667209 /* ExampleSwiftUITests.swift in Sources */,
			);
			runOnlyForDeploymentPostprocessing = 0;
		};
/* End PBXSourcesBuildPhase section */

/* Begin PBXTargetDependency section */
		4DFF80631ECBA97E00667209 /* PBXTargetDependency */ = {
			isa = PBXTargetDependency;
			target = 4DFF804C1ECBA97E00667209 /* ExampleSwift */;
			targetProxy = 4DFF80621ECBA97E00667209 /* PBXContainerItemProxy */;
		};
		4DFF806E1ECBA97E00667209 /* PBXTargetDependency */ = {
			isa = PBXTargetDependency;
			target = 4DFF804C1ECBA97E00667209 /* ExampleSwift */;
			targetProxy = 4DFF806D1ECBA97E00667209 /* PBXContainerItemProxy */;
		};
/* End PBXTargetDependency section */

/* Begin PBXVariantGroup section */
		4DFF80541ECBA97E00667209 /* Main.storyboard */ = {
			isa = PBXVariantGroup;
			children = (
				4DFF80551ECBA97E00667209 /* Base */,
			);
			name = Main.storyboard;
			sourceTree = "<group>";
		};
		4DFF80591ECBA97E00667209 /* LaunchScreen.storyboard */ = {
			isa = PBXVariantGroup;
			children = (
				4DFF805A1ECBA97E00667209 /* Base */,
			);
			name = LaunchScreen.storyboard;
			sourceTree = "<group>";
		};
/* End PBXVariantGroup section */

/* Begin XCBuildConfiguration section */
		4DFF80731ECBA97E00667209 /* Debug */ = {
			isa = XCBuildConfiguration;
			buildSettings = {
				ALWAYS_SEARCH_USER_PATHS = NO;
				CLANG_ANALYZER_NONNULL = YES;
				CLANG_ANALYZER_NUMBER_OBJECT_CONVERSION = YES_AGGRESSIVE;
				CLANG_CXX_LANGUAGE_STANDARD = "gnu++0x";
				CLANG_CXX_LIBRARY = "libc++";
				CLANG_ENABLE_MODULES = YES;
				CLANG_ENABLE_OBJC_ARC = YES;
				CLANG_WARN_BOOL_CONVERSION = YES;
				CLANG_WARN_CONSTANT_CONVERSION = YES;
				CLANG_WARN_DIRECT_OBJC_ISA_USAGE = YES_ERROR;
				CLANG_WARN_DOCUMENTATION_COMMENTS = YES;
				CLANG_WARN_EMPTY_BODY = YES;
				CLANG_WARN_ENUM_CONVERSION = YES;
				CLANG_WARN_INFINITE_RECURSION = YES;
				CLANG_WARN_INT_CONVERSION = YES;
				CLANG_WARN_OBJC_ROOT_CLASS = YES_ERROR;
				CLANG_WARN_SUSPICIOUS_MOVE = YES;
				CLANG_WARN_UNREACHABLE_CODE = YES;
				CLANG_WARN__DUPLICATE_METHOD_MATCH = YES;
				"CODE_SIGN_IDENTITY[sdk=iphoneos*]" = "iPhone Developer";
				COPY_PHASE_STRIP = NO;
				DEBUG_INFORMATION_FORMAT = dwarf;
				ENABLE_STRICT_OBJC_MSGSEND = YES;
				ENABLE_TESTABILITY = YES;
				GCC_C_LANGUAGE_STANDARD = gnu99;
				GCC_DYNAMIC_NO_PIC = NO;
				GCC_NO_COMMON_BLOCKS = YES;
				GCC_OPTIMIZATION_LEVEL = 0;
				GCC_PREPROCESSOR_DEFINITIONS = (
					"DEBUG=1",
					"$(inherited)",
				);
				GCC_WARN_64_TO_32_BIT_CONVERSION = YES;
				GCC_WARN_ABOUT_RETURN_TYPE = YES_ERROR;
				GCC_WARN_UNDECLARED_SELECTOR = YES;
				GCC_WARN_UNINITIALIZED_AUTOS = YES_AGGRESSIVE;
				GCC_WARN_UNUSED_FUNCTION = YES;
				GCC_WARN_UNUSED_VARIABLE = YES;
				IPHONEOS_DEPLOYMENT_TARGET = 10.3;
				MTL_ENABLE_DEBUG_INFO = YES;
				ONLY_ACTIVE_ARCH = YES;
				SDKROOT = iphoneos;
				SWIFT_ACTIVE_COMPILATION_CONDITIONS = DEBUG;
				SWIFT_OPTIMIZATION_LEVEL = "-Onone";
				TARGETED_DEVICE_FAMILY = "1,2";
			};
			name = Debug;
		};
		4DFF80741ECBA97E00667209 /* Release */ = {
			isa = XCBuildConfiguration;
			buildSettings = {
				ALWAYS_SEARCH_USER_PATHS = NO;
				CLANG_ANALYZER_NONNULL = YES;
				CLANG_ANALYZER_NUMBER_OBJECT_CONVERSION = YES_AGGRESSIVE;
				CLANG_CXX_LANGUAGE_STANDARD = "gnu++0x";
				CLANG_CXX_LIBRARY = "libc++";
				CLANG_ENABLE_MODULES = YES;
				CLANG_ENABLE_OBJC_ARC = YES;
				CLANG_WARN_BOOL_CONVERSION = YES;
				CLANG_WARN_CONSTANT_CONVERSION = YES;
				CLANG_WARN_DIRECT_OBJC_ISA_USAGE = YES_ERROR;
				CLANG_WARN_DOCUMENTATION_COMMENTS = YES;
				CLANG_WARN_EMPTY_BODY = YES;
				CLANG_WARN_ENUM_CONVERSION = YES;
				CLANG_WARN_INFINITE_RECURSION = YES;
				CLANG_WARN_INT_CONVERSION = YES;
				CLANG_WARN_OBJC_ROOT_CLASS = YES_ERROR;
				CLANG_WARN_SUSPICIOUS_MOVE = YES;
				CLANG_WARN_UNREACHABLE_CODE = YES;
				CLANG_WARN__DUPLICATE_METHOD_MATCH = YES;
				"CODE_SIGN_IDENTITY[sdk=iphoneos*]" = "iPhone Developer";
				COPY_PHASE_STRIP = NO;
				DEBUG_INFORMATION_FORMAT = "dwarf-with-dsym";
				ENABLE_NS_ASSERTIONS = NO;
				ENABLE_STRICT_OBJC_MSGSEND = YES;
				GCC_C_LANGUAGE_STANDARD = gnu99;
				GCC_NO_COMMON_BLOCKS = YES;
				GCC_WARN_64_TO_32_BIT_CONVERSION = YES;
				GCC_WARN_ABOUT_RETURN_TYPE = YES_ERROR;
				GCC_WARN_UNDECLARED_SELECTOR = YES;
				GCC_WARN_UNINITIALIZED_AUTOS = YES_AGGRESSIVE;
				GCC_WARN_UNUSED_FUNCTION = YES;
				GCC_WARN_UNUSED_VARIABLE = YES;
				IPHONEOS_DEPLOYMENT_TARGET = 10.3;
				MTL_ENABLE_DEBUG_INFO = NO;
				SDKROOT = iphoneos;
				SWIFT_OPTIMIZATION_LEVEL = "-Owholemodule";
				TARGETED_DEVICE_FAMILY = "1,2";
				VALIDATE_PRODUCT = YES;
			};
			name = Release;
		};
		4DFF80761ECBA97E00667209 /* Debug */ = {
			isa = XCBuildConfiguration;
			buildSettings = {
				ASSETCATALOG_COMPILER_APPICON_NAME = AppIcon;
				DEVELOPMENT_TEAM = 6Z2XT36CY3;
				INFOPLIST_FILE = ExampleSwift/Info.plist;
				LD_RUNPATH_SEARCH_PATHS = "$(inherited) @executable_path/Frameworks";
				PRODUCT_BUNDLE_IDENTIFIER = com.marked.ExampleSwift;
				PRODUCT_NAME = "$(TARGET_NAME)";
				SWIFT_VERSION = 3.0;
			};
			name = Debug;
		};
		4DFF80771ECBA97E00667209 /* Release */ = {
			isa = XCBuildConfiguration;
			buildSettings = {
				ASSETCATALOG_COMPILER_APPICON_NAME = AppIcon;
				DEVELOPMENT_TEAM = 6Z2XT36CY3;
				INFOPLIST_FILE = ExampleSwift/Info.plist;
				LD_RUNPATH_SEARCH_PATHS = "$(inherited) @executable_path/Frameworks";
				PRODUCT_BUNDLE_IDENTIFIER = com.marked.ExampleSwift;
				PRODUCT_NAME = "$(TARGET_NAME)";
				SWIFT_VERSION = 3.0;
			};
			name = Release;
		};
		4DFF80791ECBA97E00667209 /* Debug */ = {
			isa = XCBuildConfiguration;
			buildSettings = {
				ALWAYS_EMBED_SWIFT_STANDARD_LIBRARIES = YES;
				BUNDLE_LOADER = "$(TEST_HOST)";
				DEVELOPMENT_TEAM = 6Z2XT36CY3;
				INFOPLIST_FILE = ExampleSwiftTests/Info.plist;
				LD_RUNPATH_SEARCH_PATHS = "$(inherited) @executable_path/Frameworks @loader_path/Frameworks";
				PRODUCT_BUNDLE_IDENTIFIER = com.marked.ExampleSwiftTests;
				PRODUCT_NAME = "$(TARGET_NAME)";
				SWIFT_VERSION = 3.0;
				TEST_HOST = "$(BUILT_PRODUCTS_DIR)/ExampleSwift.app/ExampleSwift";
			};
			name = Debug;
		};
		4DFF807A1ECBA97E00667209 /* Release */ = {
			isa = XCBuildConfiguration;
			buildSettings = {
				ALWAYS_EMBED_SWIFT_STANDARD_LIBRARIES = YES;
				BUNDLE_LOADER = "$(TEST_HOST)";
				DEVELOPMENT_TEAM = 6Z2XT36CY3;
				INFOPLIST_FILE = ExampleSwiftTests/Info.plist;
				LD_RUNPATH_SEARCH_PATHS = "$(inherited) @executable_path/Frameworks @loader_path/Frameworks";
				PRODUCT_BUNDLE_IDENTIFIER = com.marked.ExampleSwiftTests;
				PRODUCT_NAME = "$(TARGET_NAME)";
				SWIFT_VERSION = 3.0;
				TEST_HOST = "$(BUILT_PRODUCTS_DIR)/ExampleSwift.app/ExampleSwift";
			};
			name = Release;
		};
		4DFF807C1ECBA97E00667209 /* Debug */ = {
			isa = XCBuildConfiguration;
			buildSettings = {
				ALWAYS_EMBED_SWIFT_STANDARD_LIBRARIES = YES;
				DEVELOPMENT_TEAM = 6Z2XT36CY3;
				INFOPLIST_FILE = ExampleSwiftUITests/Info.plist;
				LD_RUNPATH_SEARCH_PATHS = "$(inherited) @executable_path/Frameworks @loader_path/Frameworks";
				PRODUCT_BUNDLE_IDENTIFIER = com.marked.ExampleSwiftUITests;
				PRODUCT_NAME = "$(TARGET_NAME)";
				SWIFT_VERSION = 3.0;
				TEST_TARGET_NAME = ExampleSwift;
			};
			name = Debug;
		};
		4DFF807D1ECBA97E00667209 /* Release */ = {
			isa = XCBuildConfiguration;
			buildSettings = {
				ALWAYS_EMBED_SWIFT_STANDARD_LIBRARIES = YES;
				DEVELOPMENT_TEAM = 6Z2XT36CY3;
				INFOPLIST_FILE = ExampleSwiftUITests/Info.plist;
				LD_RUNPATH_SEARCH_PATHS = "$(inherited) @executable_path/Frameworks @loader_path/Frameworks";
				PRODUCT_BUNDLE_IDENTIFIER = com.marked.ExampleSwiftUITests;
				PRODUCT_NAME = "$(TARGET_NAME)";
				SWIFT_VERSION = 3.0;
				TEST_TARGET_NAME = ExampleSwift;
			};
			name = Release;
		};
/* End XCBuildConfiguration section */

/* Begin XCConfigurationList section */
		4DFF80481ECBA97E00667209 /* Build configuration list for PBXProject "ExampleSwift" */ = {
			isa = XCConfigurationList;
			buildConfigurations = (
				4DFF80731ECBA97E00667209 /* Debug */,
				4DFF80741ECBA97E00667209 /* Release */,
			);
			defaultConfigurationIsVisible = 0;
			defaultConfigurationName = Release;
		};
		4DFF80751ECBA97E00667209 /* Build configuration list for PBXNativeTarget "ExampleSwift" */ = {
			isa = XCConfigurationList;
			buildConfigurations = (
				4DFF80761ECBA97E00667209 /* Debug */,
				4DFF80771ECBA97E00667209 /* Release */,
			);
			defaultConfigurationIsVisible = 0;
		};
		4DFF80781ECBA97E00667209 /* Build configuration list for PBXNativeTarget "ExampleSwiftTests" */ = {
			isa = XCConfigurationList;
			buildConfigurations = (
				4DFF80791ECBA97E00667209 /* Debug */,
				4DFF807A1ECBA97E00667209 /* Release */,
			);
			defaultConfigurationIsVisible = 0;
		};
		4DFF807B1ECBA97E00667209 /* Build configuration list for PBXNativeTarget "ExampleSwiftUITests" */ = {
			isa = XCConfigurationList;
			buildConfigurations = (
				4DFF807C1ECBA97E00667209 /* Debug */,
				4DFF807D1ECBA97E00667209 /* Release */,
			);
			defaultConfigurationIsVisible = 0;
		};
/* End XCConfigurationList section */
	};
	rootObject = 4DFF80451ECBA97E00667209 /* Project object */;
}
